
Microsoft Visual Studio Solution File, Format Version 12.00
# Visual Studio Version 17
VisualStudioVersion = 17.8.34525.116
MinimumVisualStudioVersion = 10.0.40219.1
Project("{FAE04EC0-301F-11D3-BF4B-00C04F79EFBC}") = "StockManage", "StockManage\StockManage.csproj", "{8D57C6C5-34CA-4926-88CF-4DEEFAF61F86}"
EndProject
Project("{FAE04EC0-301F-11D3-BF4B-00C04F79EFBC}") = "StockManageService", "StockManageService\StockManageService.csproj", "{CAA7D8BE-657D-4FBA-836A-266E6C0FFBB4}"
EndProject
Project("{FAE04EC0-301F-11D3-BF4B-00C04F79EFBC}") = "StockManageRepo", "StockManageRepo\StockManageRepo.csproj", "{F25217FF-006D-4D43-BD9B-A880436C3403}"
EndProject
Project("{FAE04EC0-301F-11D3-BF4B-00C04F79EFBC}") = "StockManageDAO", "StockManageDAO\StockManageDAO.csproj", "{00D15962-35B8-424B-9437-76E3E17D754F}"
EndProject
Project("{FAE04EC0-301F-11D3-BF4B-00C04F79EFBC}") = "StockManageBussinessObject", "StockManageBussinessObject\StockManageBussinessObject.csproj", "{69674E8C-229A-4962-9678-52BCFEBBAC7A}"
EndProject
Global
	GlobalSection(SolutionConfigurationPlatforms) = preSolution
		Debug|Any CPU = Debug|Any CPU
		Release|Any CPU = Release|Any CPU
	EndGlobalSection
	GlobalSection(ProjectConfigurationPlatforms) = postSolution
		{8D57C6C5-34CA-4926-88CF-4DEEFAF61F86}.Debug|Any CPU.ActiveCfg = Debug|Any CPU
		{8D57C6C5-34CA-4926-88CF-4DEEFAF61F86}.Debug|Any CPU.Build.0 = Debug|Any CPU
		{8D57C6C5-34CA-4926-88CF-4DEEFAF61F86}.Release|Any CPU.ActiveCfg = Release|Any CPU
		{8D57C6C5-34CA-4926-88CF-4DEEFAF61F86}.Release|Any CPU.Build.0 = Release|Any CPU
		{CAA7D8BE-657D-4FBA-836A-266E6C0FFBB4}.Debug|Any CPU.ActiveCfg = Debug|Any CPU
		{CAA7D8BE-657D-4FBA-836A-266E6C0FFBB4}.Debug|Any CPU.Build.0 = Debug|Any CPU
		{CAA7D8BE-657D-4FBA-836A-266E6C0FFBB4}.Release|Any CPU.ActiveCfg = Release|Any CPU
		{CAA7D8BE-657D-4FBA-836A-266E6C0FFBB4}.Release|Any CPU.Build.0 = Release|Any CPU
		{F25217FF-006D-4D43-BD9B-A880436C3403}.Debug|Any CPU.ActiveCfg = Debug|Any CPU
		{F25217FF-006D-4D43-BD9B-A880436C3403}.Debug|Any CPU.Build.0 = Debug|Any CPU
		{F25217FF-006D-4D43-BD9B-A880436C3403}.Release|Any CPU.ActiveCfg = Release|Any CPU
		{F25217FF-006D-4D43-BD9B-A880436C3403}.Release|Any CPU.Build.0 = Release|Any CPU
		{00D15962-35B8-424B-9437-76E3E17D754F}.Debug|Any CPU.ActiveCfg = Debug|Any CPU
		{00D15962-35B8-424B-9437-76E3E17D754F}.Debug|Any CPU.Build.0 = Debug|Any CPU
		{00D15962-35B8-424B-9437-76E3E17D754F}.Release|Any CPU.ActiveCfg = Release|Any CPU
		{00D15962-35B8-424B-9437-76E3E17D754F}.Release|Any CPU.Build.0 = Release|Any CPU
		{69674E8C-229A-4962-9678-52BCFEBBAC7A}.Debug|Any CPU.ActiveCfg = Debug|Any CPU
		{69674E8C-229A-4962-9678-52BCFEBBAC7A}.Debug|Any CPU.Build.0 = Debug|Any CPU
		{69674E8C-229A-4962-9678-52BCFEBBAC7A}.Release|Any CPU.ActiveCfg = Release|Any CPU
		{69674E8C-229A-4962-9678-52BCFEBBAC7A}.Release|Any CPU.Build.0 = Release|Any CPU
	EndGlobalSection
	GlobalSection(SolutionProperties) = preSolution
		HideSolutionNode = FALSE
	EndGlobalSection
	GlobalSection(ExtensibilityGlobals) = postSolution
		SolutionGuid = {8DF5A29A-4320-4DEC-BE69-84C1C05A38CD}
	EndGlobalSection
EndGlobal
